// !$*UTF8*$!
{
	archiveVersion = 1;
	classes = {
	};
	objectVersion = 51;
	objects = {

/* Begin PBXBuildFile section */
		7712E4122738098E00036561 /* FollowersFollowingViewController.swift in Sources */ = {isa = PBXBuildFile; fileRef = 7712E4112738098E00036561 /* FollowersFollowingViewController.swift */; };
		771D4B2F271C23AB00AD2131 /* DashboardFlow.storyboard in Resources */ = {isa = PBXBuildFile; fileRef = 771D4B2E271C23AB00AD2131 /* DashboardFlow.storyboard */; };
		771D4B33271C244300AD2131 /* MyTabbarController.swift in Sources */ = {isa = PBXBuildFile; fileRef = 771D4B32271C244300AD2131 /* MyTabbarController.swift */; };
		771D4B41271E81D200AD2131 /* ChatViewController.swift in Sources */ = {isa = PBXBuildFile; fileRef = 771D4B40271E81D200AD2131 /* ChatViewController.swift */; };
		773C520C2735646D0016BF3E /* CommentListViewController.swift in Sources */ = {isa = PBXBuildFile; fileRef = 773C520B2735646D0016BF3E /* CommentListViewController.swift */; };
		773C520F2735BFB90016BF3E /* UserProfileViewController.swift in Sources */ = {isa = PBXBuildFile; fileRef = 773C520E2735BFB90016BF3E /* UserProfileViewController.swift */; };
		7742A4BD272FDEE70081F28E /* PostViewController.swift in Sources */ = {isa = PBXBuildFile; fileRef = 7742A4BC272FDEE70081F28E /* PostViewController.swift */; };
		7742A4FF273037350081F28E /* HomeViewController.swift in Sources */ = {isa = PBXBuildFile; fileRef = 7742A4FE273037350081F28E /* HomeViewController.swift */; };
		7747D86327240B8300A81FAA /* ApiCallManager.swift in Sources */ = {isa = PBXBuildFile; fileRef = 7747D86227240B8300A81FAA /* ApiCallManager.swift */; };
		7747D86627240BF900A81FAA /* Constants.swift in Sources */ = {isa = PBXBuildFile; fileRef = 7747D86527240BF900A81FAA /* Constants.swift */; };
		7747D86A27240E8A00A81FAA /* ApiRequestModel.swift in Sources */ = {isa = PBXBuildFile; fileRef = 7747D86927240E8A00A81FAA /* ApiRequestModel.swift */; };
		7747D87D2724295F00A81FAA /* ApiResponse.swift in Sources */ = {isa = PBXBuildFile; fileRef = 7747D87C2724295F00A81FAA /* ApiResponse.swift */; };
		777DA93A271B657C00C1256D /* AppDelegate.swift in Sources */ = {isa = PBXBuildFile; fileRef = 777DA939271B657C00C1256D /* AppDelegate.swift */; };
		777DA93C271B657C00C1256D /* SceneDelegate.swift in Sources */ = {isa = PBXBuildFile; fileRef = 777DA93B271B657C00C1256D /* SceneDelegate.swift */; };
		777DA93E271B657C00C1256D /* ViewController.swift in Sources */ = {isa = PBXBuildFile; fileRef = 777DA93D271B657C00C1256D /* ViewController.swift */; };
		777DA941271B657C00C1256D /* Main.storyboard in Resources */ = {isa = PBXBuildFile; fileRef = 777DA93F271B657C00C1256D /* Main.storyboard */; };
		777DA943271B657D00C1256D /* Assets.xcassets in Resources */ = {isa = PBXBuildFile; fileRef = 777DA942271B657D00C1256D /* Assets.xcassets */; };
		777DA946271B657D00C1256D /* LaunchScreen.storyboard in Resources */ = {isa = PBXBuildFile; fileRef = 777DA944271B657D00C1256D /* LaunchScreen.storyboard */; };
		777DA953271B672E00C1256D /* SplashViewController.swift in Sources */ = {isa = PBXBuildFile; fileRef = 777DA952271B672E00C1256D /* SplashViewController.swift */; };
		777DA956271B673900C1256D /* LoginViewController.swift in Sources */ = {isa = PBXBuildFile; fileRef = 777DA955271B673900C1256D /* LoginViewController.swift */; };
		777DA959271B674300C1256D /* SignupViewController.swift in Sources */ = {isa = PBXBuildFile; fileRef = 777DA958271B674300C1256D /* SignupViewController.swift */; };
		778A1B45271C1D0A008A4665 /* MasterViewController.swift in Sources */ = {isa = PBXBuildFile; fileRef = 778A1B44271C1D0A008A4665 /* MasterViewController.swift */; };
		779D307E271B6B8B0021EEFC /* Extensions.swift in Sources */ = {isa = PBXBuildFile; fileRef = 779D307D271B6B8B0021EEFC /* Extensions.swift */; };
		77AAD6152731CAF2001CE95A /* SearchViewController.swift in Sources */ = {isa = PBXBuildFile; fileRef = 77AAD6142731CAF2001CE95A /* SearchViewController.swift */; };
		77AB7EDA272694CB00E16F9A /* SettingsViewController.swift in Sources */ = {isa = PBXBuildFile; fileRef = 77AB7ED9272694CA00E16F9A /* SettingsViewController.swift */; };
		77B85F6D271FCE7F00E2F168 /* TableViewCell.swift in Sources */ = {isa = PBXBuildFile; fileRef = 77B85F6C271FCE7F00E2F168 /* TableViewCell.swift */; };
		77CC35D62724905500D65EDC /* credentials.plist in Resources */ = {isa = PBXBuildFile; fileRef = 77CC35D52724905500D65EDC /* credentials.plist */; };
		D82C1E60444120925C28A5FB /* Pods_TradersView.framework in Frameworks */ = {isa = PBXBuildFile; fileRef = 1FF87F7C671824567FD8B818 /* Pods_TradersView.framework */; };
/* End PBXBuildFile section */

/* Begin PBXFileReference section */
		1FF87F7C671824567FD8B818 /* Pods_TradersView.framework */ = {isa = PBXFileReference; explicitFileType = wrapper.framework; includeInIndex = 0; path = Pods_TradersView.framework; sourceTree = BUILT_PRODUCTS_DIR; };
		73842C881FD9C6453521C7C7 /* Pods-TradersView.debug.xcconfig */ = {isa = PBXFileReference; includeInIndex = 1; lastKnownFileType = text.xcconfig; name = "Pods-TradersView.debug.xcconfig"; path = "Target Support Files/Pods-TradersView/Pods-TradersView.debug.xcconfig"; sourceTree = "<group>"; };
		7712E4112738098E00036561 /* FollowersFollowingViewController.swift */ = {isa = PBXFileReference; lastKnownFileType = sourcecode.swift; path = FollowersFollowingViewController.swift; sourceTree = "<group>"; };
		771D4B2E271C23AB00AD2131 /* DashboardFlow.storyboard */ = {isa = PBXFileReference; lastKnownFileType = file.storyboard; path = DashboardFlow.storyboard; sourceTree = "<group>"; };
		771D4B32271C244300AD2131 /* MyTabbarController.swift */ = {isa = PBXFileReference; fileEncoding = 4; lastKnownFileType = sourcecode.swift; path = MyTabbarController.swift; sourceTree = "<group>"; };
		771D4B40271E81D200AD2131 /* ChatViewController.swift */ = {isa = PBXFileReference; lastKnownFileType = sourcecode.swift; path = ChatViewController.swift; sourceTree = "<group>"; };
		773C520B2735646D0016BF3E /* CommentListViewController.swift */ = {isa = PBXFileReference; lastKnownFileType = sourcecode.swift; path = CommentListViewController.swift; sourceTree = "<group>"; };
		773C520E2735BFB90016BF3E /* UserProfileViewController.swift */ = {isa = PBXFileReference; lastKnownFileType = sourcecode.swift; path = UserProfileViewController.swift; sourceTree = "<group>"; };
		7742A4BC272FDEE70081F28E /* PostViewController.swift */ = {isa = PBXFileReference; lastKnownFileType = sourcecode.swift; path = PostViewController.swift; sourceTree = "<group>"; };
		7742A4FE273037350081F28E /* HomeViewController.swift */ = {isa = PBXFileReference; lastKnownFileType = sourcecode.swift; path = HomeViewController.swift; sourceTree = "<group>"; };
		7747D86227240B8300A81FAA /* ApiCallManager.swift */ = {isa = PBXFileReference; fileEncoding = 4; lastKnownFileType = sourcecode.swift; path = ApiCallManager.swift; sourceTree = "<group>"; };
		7747D86527240BF900A81FAA /* Constants.swift */ = {isa = PBXFileReference; fileEncoding = 4; lastKnownFileType = sourcecode.swift; path = Constants.swift; sourceTree = "<group>"; };
		7747D86927240E8A00A81FAA /* ApiRequestModel.swift */ = {isa = PBXFileReference; lastKnownFileType = sourcecode.swift; path = ApiRequestModel.swift; sourceTree = "<group>"; };
		7747D87C2724295F00A81FAA /* ApiResponse.swift */ = {isa = PBXFileReference; lastKnownFileType = sourcecode.swift; path = ApiResponse.swift; sourceTree = "<group>"; };
		777DA936271B657C00C1256D /* TradersView.app */ = {isa = PBXFileReference; explicitFileType = wrapper.application; includeInIndex = 0; path = TradersView.app; sourceTree = BUILT_PRODUCTS_DIR; };
		777DA939271B657C00C1256D /* AppDelegate.swift */ = {isa = PBXFileReference; lastKnownFileType = sourcecode.swift; path = AppDelegate.swift; sourceTree = "<group>"; };
		777DA93B271B657C00C1256D /* SceneDelegate.swift */ = {isa = PBXFileReference; lastKnownFileType = sourcecode.swift; path = SceneDelegate.swift; sourceTree = "<group>"; };
		777DA93D271B657C00C1256D /* ViewController.swift */ = {isa = PBXFileReference; lastKnownFileType = sourcecode.swift; path = ViewController.swift; sourceTree = "<group>"; };
		777DA940271B657C00C1256D /* Base */ = {isa = PBXFileReference; lastKnownFileType = file.storyboard; name = Base; path = Base.lproj/Main.storyboard; sourceTree = "<group>"; };
		777DA942271B657D00C1256D /* Assets.xcassets */ = {isa = PBXFileReference; lastKnownFileType = folder.assetcatalog; path = Assets.xcassets; sourceTree = "<group>"; };
		777DA945271B657D00C1256D /* Base */ = {isa = PBXFileReference; lastKnownFileType = file.storyboard; name = Base; path = Base.lproj/LaunchScreen.storyboard; sourceTree = "<group>"; };
		777DA947271B657D00C1256D /* Info.plist */ = {isa = PBXFileReference; lastKnownFileType = text.plist.xml; path = Info.plist; sourceTree = "<group>"; };
		777DA952271B672E00C1256D /* SplashViewController.swift */ = {isa = PBXFileReference; lastKnownFileType = sourcecode.swift; path = SplashViewController.swift; sourceTree = "<group>"; };
		777DA955271B673900C1256D /* LoginViewController.swift */ = {isa = PBXFileReference; lastKnownFileType = sourcecode.swift; path = LoginViewController.swift; sourceTree = "<group>"; };
		777DA958271B674300C1256D /* SignupViewController.swift */ = {isa = PBXFileReference; lastKnownFileType = sourcecode.swift; path = SignupViewController.swift; sourceTree = "<group>"; };
		778A1B44271C1D0A008A4665 /* MasterViewController.swift */ = {isa = PBXFileReference; lastKnownFileType = sourcecode.swift; path = MasterViewController.swift; sourceTree = "<group>"; };
		779D307D271B6B8B0021EEFC /* Extensions.swift */ = {isa = PBXFileReference; lastKnownFileType = sourcecode.swift; path = Extensions.swift; sourceTree = "<group>"; };
		77AAD6142731CAF2001CE95A /* SearchViewController.swift */ = {isa = PBXFileReference; lastKnownFileType = sourcecode.swift; path = SearchViewController.swift; sourceTree = "<group>"; };
		77AB7ED9272694CA00E16F9A /* SettingsViewController.swift */ = {isa = PBXFileReference; lastKnownFileType = sourcecode.swift; path = SettingsViewController.swift; sourceTree = "<group>"; };
		77B85F6C271FCE7F00E2F168 /* TableViewCell.swift */ = {isa = PBXFileReference; lastKnownFileType = sourcecode.swift; path = TableViewCell.swift; sourceTree = "<group>"; };
		77CC35D52724905500D65EDC /* credentials.plist */ = {isa = PBXFileReference; fileEncoding = 4; lastKnownFileType = text.plist.xml; path = credentials.plist; sourceTree = "<group>"; };
		AE7A72DC2771714CCF95BBDE /* Pods-TradersView.release.xcconfig */ = {isa = PBXFileReference; includeInIndex = 1; lastKnownFileType = text.xcconfig; name = "Pods-TradersView.release.xcconfig"; path = "Target Support Files/Pods-TradersView/Pods-TradersView.release.xcconfig"; sourceTree = "<group>"; };
/* End PBXFileReference section */

/* Begin PBXFrameworksBuildPhase section */
		777DA933271B657C00C1256D /* Frameworks */ = {
			isa = PBXFrameworksBuildPhase;
			buildActionMask = 2147483647;
			files = (
				D82C1E60444120925C28A5FB /* Pods_TradersView.framework in Frameworks */,
			);
			runOnlyForDeploymentPostprocessing = 0;
		};
/* End PBXFrameworksBuildPhase section */

/* Begin PBXGroup section */
		2A6EEEDDFB2FCFF42DB40323 /* Frameworks */ = {
			isa = PBXGroup;
			children = (
				1FF87F7C671824567FD8B818 /* Pods_TradersView.framework */,
			);
			name = Frameworks;
			sourceTree = "<group>";
		};
		771D4B31271C244300AD2131 /* TabbarController */ = {
			isa = PBXGroup;
			children = (
				771D4B32271C244300AD2131 /* MyTabbarController.swift */,
			);
			path = TabbarController;
			sourceTree = "<group>";
		};
		7747D86027240B4B00A81FAA /* APIManager */ = {
			isa = PBXGroup;
			children = (
				7747D86827240CBB00A81FAA /* Api Model */,
				7747D86227240B8300A81FAA /* ApiCallManager.swift */,
			);
			path = APIManager;
			sourceTree = "<group>";
		};
		7747D86827240CBB00A81FAA /* Api Model */ = {
			isa = PBXGroup;
			children = (
				7747D86927240E8A00A81FAA /* ApiRequestModel.swift */,
				7747D87C2724295F00A81FAA /* ApiResponse.swift */,
			);
			name = "Api Model";
			path = "TradersView/Api Model";
			sourceTree = SOURCE_ROOT;
		};
		777DA92D271B657C00C1256D = {
			isa = PBXGroup;
			children = (
				777DA938271B657C00C1256D /* TradersView */,
				777DA937271B657C00C1256D /* Products */,
				F44CFBC7E61AA099648A208C /* Pods */,
				2A6EEEDDFB2FCFF42DB40323 /* Frameworks */,
			);
			sourceTree = "<group>";
		};
		777DA937271B657C00C1256D /* Products */ = {
			isa = PBXGroup;
			children = (
				777DA936271B657C00C1256D /* TradersView.app */,
			);
			name = Products;
			sourceTree = "<group>";
		};
		777DA938271B657C00C1256D /* TradersView */ = {
			isa = PBXGroup;
			children = (
				77CC35D52724905500D65EDC /* credentials.plist */,
				7747D86027240B4B00A81FAA /* APIManager */,
				771D4B31271C244300AD2131 /* TabbarController */,
				779D307C271B6B800021EEFC /* Common */,
				777DA951271B672200C1256D /* ViewControllers */,
				777DA939271B657C00C1256D /* AppDelegate.swift */,
				777DA93B271B657C00C1256D /* SceneDelegate.swift */,
				777DA93D271B657C00C1256D /* ViewController.swift */,
				777DA93F271B657C00C1256D /* Main.storyboard */,
				777DA942271B657D00C1256D /* Assets.xcassets */,
				777DA944271B657D00C1256D /* LaunchScreen.storyboard */,
				777DA947271B657D00C1256D /* Info.plist */,
				771D4B2E271C23AB00AD2131 /* DashboardFlow.storyboard */,
			);
			path = TradersView;
			sourceTree = "<group>";
		};
		777DA951271B672200C1256D /* ViewControllers */ = {
			isa = PBXGroup;
			children = (
				77AB7ED8272694B300E16F9A /* SettingsViewControllers */,
				777DA952271B672E00C1256D /* SplashViewController.swift */,
				777DA955271B673900C1256D /* LoginViewController.swift */,
				777DA958271B674300C1256D /* SignupViewController.swift */,
				778A1B44271C1D0A008A4665 /* MasterViewController.swift */,
				771D4B40271E81D200AD2131 /* ChatViewController.swift */,
				7742A4BC272FDEE70081F28E /* PostViewController.swift */,
				7742A4FE273037350081F28E /* HomeViewController.swift */,
				77AAD6142731CAF2001CE95A /* SearchViewController.swift */,
				773C520B2735646D0016BF3E /* CommentListViewController.swift */,
				773C520E2735BFB90016BF3E /* UserProfileViewController.swift */,
				7712E4112738098E00036561 /* FollowersFollowingViewController.swift */,
			);
			path = ViewControllers;
			sourceTree = "<group>";
		};
		779D307C271B6B800021EEFC /* Common */ = {
			isa = PBXGroup;
			children = (
				7747D86527240BF900A81FAA /* Constants.swift */,
				779D307D271B6B8B0021EEFC /* Extensions.swift */,
				77B85F6C271FCE7F00E2F168 /* TableViewCell.swift */,
			);
			path = Common;
			sourceTree = "<group>";
		};
		77AB7ED8272694B300E16F9A /* SettingsViewControllers */ = {
			isa = PBXGroup;
			children = (
				77AB7ED9272694CA00E16F9A /* SettingsViewController.swift */,
			);
			path = SettingsViewControllers;
			sourceTree = "<group>";
		};
		F44CFBC7E61AA099648A208C /* Pods */ = {
			isa = PBXGroup;
			children = (
				73842C881FD9C6453521C7C7 /* Pods-TradersView.debug.xcconfig */,
				AE7A72DC2771714CCF95BBDE /* Pods-TradersView.release.xcconfig */,
			);
			path = Pods;
			sourceTree = "<group>";
		};
/* End PBXGroup section */

/* Begin PBXNativeTarget section */
		777DA935271B657C00C1256D /* TradersView */ = {
			isa = PBXNativeTarget;
			buildConfigurationList = 777DA94A271B657D00C1256D /* Build configuration list for PBXNativeTarget "TradersView" */;
			buildPhases = (
				C81D52C92D4C2F57E12A044D /* [CP] Check Pods Manifest.lock */,
				777DA932271B657C00C1256D /* Sources */,
				777DA933271B657C00C1256D /* Frameworks */,
				777DA934271B657C00C1256D /* Resources */,
				6D74E200266A75B59FBC03F9 /* [CP] Embed Pods Frameworks */,
			);
			buildRules = (
			);
			dependencies = (
			);
			name = TradersView;
			productName = TradersView;
			productReference = 777DA936271B657C00C1256D /* TradersView.app */;
			productType = "com.apple.product-type.application";
		};
/* End PBXNativeTarget section */

/* Begin PBXProject section */
		777DA92E271B657C00C1256D /* Project object */ = {
			isa = PBXProject;
			attributes = {
				LastSwiftUpdateCheck = 1220;
				LastUpgradeCheck = 1220;
				TargetAttributes = {
					777DA935271B657C00C1256D = {
						CreatedOnToolsVersion = 12.2;
					};
				};
			};
			buildConfigurationList = 777DA931271B657C00C1256D /* Build configuration list for PBXProject "TradersView" */;
			compatibilityVersion = "Xcode 9.3";
			developmentRegion = en;
			hasScannedForEncodings = 0;
			knownRegions = (
				en,
				Base,
			);
			mainGroup = 777DA92D271B657C00C1256D;
			productRefGroup = 777DA937271B657C00C1256D /* Products */;
			projectDirPath = "";
			projectRoot = "";
			targets = (
				777DA935271B657C00C1256D /* TradersView */,
			);
		};
/* End PBXProject section */

/* Begin PBXResourcesBuildPhase section */
		777DA934271B657C00C1256D /* Resources */ = {
			isa = PBXResourcesBuildPhase;
			buildActionMask = 2147483647;
			files = (
				777DA946271B657D00C1256D /* LaunchScreen.storyboard in Resources */,
				77CC35D62724905500D65EDC /* credentials.plist in Resources */,
				777DA943271B657D00C1256D /* Assets.xcassets in Resources */,
				777DA941271B657C00C1256D /* Main.storyboard in Resources */,
				771D4B2F271C23AB00AD2131 /* DashboardFlow.storyboard in Resources */,
			);
			runOnlyForDeploymentPostprocessing = 0;
		};
/* End PBXResourcesBuildPhase section */

/* Begin PBXShellScriptBuildPhase section */
		6D74E200266A75B59FBC03F9 /* [CP] Embed Pods Frameworks */ = {
			isa = PBXShellScriptBuildPhase;
			buildActionMask = 2147483647;
			files = (
			);
			inputFileListPaths = (
				"${PODS_ROOT}/Target Support Files/Pods-TradersView/Pods-TradersView-frameworks-${CONFIGURATION}-input-files.xcfilelist",
			);
			name = "[CP] Embed Pods Frameworks";
			outputFileListPaths = (
				"${PODS_ROOT}/Target Support Files/Pods-TradersView/Pods-TradersView-frameworks-${CONFIGURATION}-output-files.xcfilelist",
			);
			runOnlyForDeploymentPostprocessing = 0;
			shellPath = /bin/sh;
			shellScript = "\"${PODS_ROOT}/Target Support Files/Pods-TradersView/Pods-TradersView-frameworks.sh\"\n";
			showEnvVarsInLog = 0;
		};
		C81D52C92D4C2F57E12A044D /* [CP] Check Pods Manifest.lock */ = {
			isa = PBXShellScriptBuildPhase;
			buildActionMask = 2147483647;
			files = (
			);
			inputFileListPaths = (
			);
			inputPaths = (
				"${PODS_PODFILE_DIR_PATH}/Podfile.lock",
				"${PODS_ROOT}/Manifest.lock",
			);
			name = "[CP] Check Pods Manifest.lock";
			outputFileListPaths = (
			);
			outputPaths = (
				"$(DERIVED_FILE_DIR)/Pods-TradersView-checkManifestLockResult.txt",
			);
			runOnlyForDeploymentPostprocessing = 0;
			shellPath = /bin/sh;
			shellScript = "diff \"${PODS_PODFILE_DIR_PATH}/Podfile.lock\" \"${PODS_ROOT}/Manifest.lock\" > /dev/null\nif [ $? != 0 ] ; then\n    # print error to STDERR\n    echo \"error: The sandbox is not in sync with the Podfile.lock. Run 'pod install' or update your CocoaPods installation.\" >&2\n    exit 1\nfi\n# This output is used by Xcode 'outputs' to avoid re-running this script phase.\necho \"SUCCESS\" > \"${SCRIPT_OUTPUT_FILE_0}\"\n";
			showEnvVarsInLog = 0;
		};
/* End PBXShellScriptBuildPhase section */

/* Begin PBXSourcesBuildPhase section */
		777DA932271B657C00C1256D /* Sources */ = {
			isa = PBXSourcesBuildPhase;
			buildActionMask = 2147483647;
			files = (
				7742A4BD272FDEE70081F28E /* PostViewController.swift in Sources */,
				7747D86327240B8300A81FAA /* ApiCallManager.swift in Sources */,
				7742A4FF273037350081F28E /* HomeViewController.swift in Sources */,
				778A1B45271C1D0A008A4665 /* MasterViewController.swift in Sources */,
				7747D86A27240E8A00A81FAA /* ApiRequestModel.swift in Sources */,
				777DA959271B674300C1256D /* SignupViewController.swift in Sources */,
				771D4B41271E81D200AD2131 /* ChatViewController.swift in Sources */,
				777DA93E271B657C00C1256D /* ViewController.swift in Sources */,
				773C520F2735BFB90016BF3E /* UserProfileViewController.swift in Sources */,
				777DA93A271B657C00C1256D /* AppDelegate.swift in Sources */,
				77AAD6152731CAF2001CE95A /* SearchViewController.swift in Sources */,
				777DA93C271B657C00C1256D /* SceneDelegate.swift in Sources */,
				7712E4122738098E00036561 /* FollowersFollowingViewController.swift in Sources */,
				7747D87D2724295F00A81FAA /* ApiResponse.swift in Sources */,
				773C520C2735646D0016BF3E /* CommentListViewController.swift in Sources */,
				777DA956271B673900C1256D /* LoginViewController.swift in Sources */,
				771D4B33271C244300AD2131 /* MyTabbarController.swift in Sources */,
				77B85F6D271FCE7F00E2F168 /* TableViewCell.swift in Sources */,
				7747D86627240BF900A81FAA /* Constants.swift in Sources */,
				777DA953271B672E00C1256D /* SplashViewController.swift in Sources */,
				779D307E271B6B8B0021EEFC /* Extensions.swift in Sources */,
				77AB7EDA272694CB00E16F9A /* SettingsViewController.swift in Sources */,
			);
			runOnlyForDeploymentPostprocessing = 0;
		};
/* End PBXSourcesBuildPhase section */

/* Begin PBXVariantGroup section */
		777DA93F271B657C00C1256D /* Main.storyboard */ = {
			isa = PBXVariantGroup;
			children = (
				777DA940271B657C00C1256D /* Base */,
			);
			name = Main.storyboard;
			sourceTree = "<group>";
		};
		777DA944271B657D00C1256D /* LaunchScreen.storyboard */ = {
			isa = PBXVariantGroup;
			children = (
				777DA945271B657D00C1256D /* Base */,
			);
			name = LaunchScreen.storyboard;
			sourceTree = "<group>";
		};
/* End PBXVariantGroup section */

/* Begin XCBuildConfiguration section */
		777DA948271B657D00C1256D /* Debug */ = {
			isa = XCBuildConfiguration;
			buildSettings = {
				ALWAYS_SEARCH_USER_PATHS = NO;
				CLANG_ANALYZER_NONNULL = YES;
				CLANG_ANALYZER_NUMBER_OBJECT_CONVERSION = YES_AGGRESSIVE;
				CLANG_CXX_LANGUAGE_STANDARD = "gnu++14";
				CLANG_CXX_LIBRARY = "libc++";
				CLANG_ENABLE_MODULES = YES;
				CLANG_ENABLE_OBJC_ARC = YES;
				CLANG_ENABLE_OBJC_WEAK = YES;
				CLANG_WARN_BLOCK_CAPTURE_AUTORELEASING = YES;
				CLANG_WARN_BOOL_CONVERSION = YES;
				CLANG_WARN_COMMA = YES;
				CLANG_WARN_CONSTANT_CONVERSION = YES;
				CLANG_WARN_DEPRECATED_OBJC_IMPLEMENTATIONS = YES;
				CLANG_WARN_DIRECT_OBJC_ISA_USAGE = YES_ERROR;
				CLANG_WARN_DOCUMENTATION_COMMENTS = YES;
				CLANG_WARN_EMPTY_BODY = YES;
				CLANG_WARN_ENUM_CONVERSION = YES;
				CLANG_WARN_INFINITE_RECURSION = YES;
				CLANG_WARN_INT_CONVERSION = YES;
				CLANG_WARN_NON_LITERAL_NULL_CONVERSION = YES;
				CLANG_WARN_OBJC_IMPLICIT_RETAIN_SELF = YES;
				CLANG_WARN_OBJC_LITERAL_CONVERSION = YES;
				CLANG_WARN_OBJC_ROOT_CLASS = YES_ERROR;
				CLANG_WARN_QUOTED_INCLUDE_IN_FRAMEWORK_HEADER = YES;
				CLANG_WARN_RANGE_LOOP_ANALYSIS = YES;
				CLANG_WARN_STRICT_PROTOTYPES = YES;
				CLANG_WARN_SUSPICIOUS_MOVE = YES;
				CLANG_WARN_UNGUARDED_AVAILABILITY = YES_AGGRESSIVE;
				CLANG_WARN_UNREACHABLE_CODE = YES;
				CLANG_WARN__DUPLICATE_METHOD_MATCH = YES;
				COPY_PHASE_STRIP = NO;
				DEBUG_INFORMATION_FORMAT = dwarf;
				ENABLE_STRICT_OBJC_MSGSEND = YES;
				ENABLE_TESTABILITY = YES;
				GCC_C_LANGUAGE_STANDARD = gnu11;
				GCC_DYNAMIC_NO_PIC = NO;
				GCC_NO_COMMON_BLOCKS = YES;
				GCC_OPTIMIZATION_LEVEL = 0;
				GCC_PREPROCESSOR_DEFINITIONS = (
					"DEBUG=1",
					"$(inherited)",
				);
				GCC_WARN_64_TO_32_BIT_CONVERSION = YES;
				GCC_WARN_ABOUT_RETURN_TYPE = YES_ERROR;
				GCC_WARN_UNDECLARED_SELECTOR = YES;
				GCC_WARN_UNINITIALIZED_AUTOS = YES_AGGRESSIVE;
				GCC_WARN_UNUSED_FUNCTION = YES;
				GCC_WARN_UNUSED_VARIABLE = YES;
				IPHONEOS_DEPLOYMENT_TARGET = 14.2;
				MTL_ENABLE_DEBUG_INFO = INCLUDE_SOURCE;
				MTL_FAST_MATH = YES;
				ONLY_ACTIVE_ARCH = YES;
				SDKROOT = iphoneos;
				SWIFT_ACTIVE_COMPILATION_CONDITIONS = DEBUG;
				SWIFT_OPTIMIZATION_LEVEL = "-Onone";
			};
			name = Debug;
		};
		777DA949271B657D00C1256D /* Release */ = {
			isa = XCBuildConfiguration;
			buildSettings = {
				ALWAYS_SEARCH_USER_PATHS = NO;
				CLANG_ANALYZER_NONNULL = YES;
				CLANG_ANALYZER_NUMBER_OBJECT_CONVERSION = YES_AGGRESSIVE;
				CLANG_CXX_LANGUAGE_STANDARD = "gnu++14";
				CLANG_CXX_LIBRARY = "libc++";
				CLANG_ENABLE_MODULES = YES;
				CLANG_ENABLE_OBJC_ARC = YES;
				CLANG_ENABLE_OBJC_WEAK = YES;
				CLANG_WARN_BLOCK_CAPTURE_AUTORELEASING = YES;
				CLANG_WARN_BOOL_CONVERSION = YES;
				CLANG_WARN_COMMA = YES;
				CLANG_WARN_CONSTANT_CONVERSION = YES;
				CLANG_WARN_DEPRECATED_OBJC_IMPLEMENTATIONS = YES;
				CLANG_WARN_DIRECT_OBJC_ISA_USAGE = YES_ERROR;
				CLANG_WARN_DOCUMENTATION_COMMENTS = YES;
				CLANG_WARN_EMPTY_BODY = YES;
				CLANG_WARN_ENUM_CONVERSION = YES;
				CLANG_WARN_INFINITE_RECURSION = YES;
				CLANG_WARN_INT_CONVERSION = YES;
				CLANG_WARN_NON_LITERAL_NULL_CONVERSION = YES;
				CLANG_WARN_OBJC_IMPLICIT_RETAIN_SELF = YES;
				CLANG_WARN_OBJC_LITERAL_CONVERSION = YES;
				CLANG_WARN_OBJC_ROOT_CLASS = YES_ERROR;
				CLANG_WARN_QUOTED_INCLUDE_IN_FRAMEWORK_HEADER = YES;
				CLANG_WARN_RANGE_LOOP_ANALYSIS = YES;
				CLANG_WARN_STRICT_PROTOTYPES = YES;
				CLANG_WARN_SUSPICIOUS_MOVE = YES;
				CLANG_WARN_UNGUARDED_AVAILABILITY = YES_AGGRESSIVE;
				CLANG_WARN_UNREACHABLE_CODE = YES;
				CLANG_WARN__DUPLICATE_METHOD_MATCH = YES;
				COPY_PHASE_STRIP = NO;
				DEBUG_INFORMATION_FORMAT = "dwarf-with-dsym";
				ENABLE_NS_ASSERTIONS = NO;
				ENABLE_STRICT_OBJC_MSGSEND = YES;
				GCC_C_LANGUAGE_STANDARD = gnu11;
				GCC_NO_COMMON_BLOCKS = YES;
				GCC_WARN_64_TO_32_BIT_CONVERSION = YES;
				GCC_WARN_ABOUT_RETURN_TYPE = YES_ERROR;
				GCC_WARN_UNDECLARED_SELECTOR = YES;
				GCC_WARN_UNINITIALIZED_AUTOS = YES_AGGRESSIVE;
				GCC_WARN_UNUSED_FUNCTION = YES;
				GCC_WARN_UNUSED_VARIABLE = YES;
				IPHONEOS_DEPLOYMENT_TARGET = 14.2;
				MTL_ENABLE_DEBUG_INFO = NO;
				MTL_FAST_MATH = YES;
				SDKROOT = iphoneos;
				SWIFT_COMPILATION_MODE = wholemodule;
				SWIFT_OPTIMIZATION_LEVEL = "-O";
				VALIDATE_PRODUCT = YES;
			};
			name = Release;
		};
		777DA94B271B657D00C1256D /* Debug */ = {
			isa = XCBuildConfiguration;
			baseConfigurationReference = 73842C881FD9C6453521C7C7 /* Pods-TradersView.debug.xcconfig */;
			buildSettings = {
				ASSETCATALOG_COMPILER_APPICON_NAME = AppIcon;
				ASSETCATALOG_COMPILER_GLOBAL_ACCENT_COLOR_NAME = AccentColor;
				CODE_SIGN_IDENTITY = "iPhone Distribution";
				CODE_SIGN_STYLE = Manual;
				CURRENT_PROJECT_VERSION = 3;
				DEVELOPMENT_TEAM = 9Q5DPJ8FN2;
				INFOPLIST_FILE = TradersView/Info.plist;
				LD_RUNPATH_SEARCH_PATHS = (
					"$(inherited)",
					"@executable_path/Frameworks",
				);
				MARKETING_VERSION = 1.0.1;
				OTHER_CODE_SIGN_FLAGS = "--generate-entitlement-der";
				PRODUCT_BUNDLE_IDENTIFIER = com.app.thetrradersv1ew2;
				PRODUCT_NAME = "$(TARGET_NAME)";
				PROVISIONING_PROFILE_SPECIFIER = "TradersView-Production";
				SWIFT_VERSION = 5.0;
				TARGETED_DEVICE_FAMILY = "1,2";
			};
			name = Debug;
		};
		777DA94C271B657D00C1256D /* Release */ = {
			isa = XCBuildConfiguration;
			baseConfigurationReference = AE7A72DC2771714CCF95BBDE /* Pods-TradersView.release.xcconfig */;
			buildSettings = {
				ASSETCATALOG_COMPILER_APPICON_NAME = AppIcon;
				ASSETCATALOG_COMPILER_GLOBAL_ACCENT_COLOR_NAME = AccentColor;
				CODE_SIGN_IDENTITY = "iPhone Distribution";
				CODE_SIGN_STYLE = Manual;
				CURRENT_PROJECT_VERSION = 3;
				DEVELOPMENT_TEAM = 9Q5DPJ8FN2;
				INFOPLIST_FILE = TradersView/Info.plist;
				LD_RUNPATH_SEARCH_PATHS = (
					"$(inherited)",
					"@executable_path/Frameworks",
				);
				MARKETING_VERSION = 1.0.1;
				OTHER_CODE_SIGN_FLAGS = "--generate-entitlement-der";
				PRODUCT_BUNDLE_IDENTIFIER = com.app.thetrradersv1ew2;
				PRODUCT_NAME = "$(TARGET_NAME)";
				PROVISIONING_PROFILE_SPECIFIER = "TradersView-Production";
				SWIFT_VERSION = 5.0;
				TARGETED_DEVICE_FAMILY = "1,2";
			};
			name = Release;
		};
/* End XCBuildConfiguration section */

/* Begin XCConfigurationList section */
		777DA931271B657C00C1256D /* Build configuration list for PBXProject "TradersView" */ = {
			isa = XCConfigurationList;
			buildConfigurations = (
				777DA948271B657D00C1256D /* Debug */,
				777DA949271B657D00C1256D /* Release */,
			);
			defaultConfigurationIsVisible = 0;
			defaultConfigurationName = Release;
		};
		777DA94A271B657D00C1256D /* Build configuration list for PBXNativeTarget "TradersView" */ = {
			isa = XCConfigurationList;
			buildConfigurations = (
				777DA94B271B657D00C1256D /* Debug */,
				777DA94C271B657D00C1256D /* Release */,
			);
			defaultConfigurationIsVisible = 0;
			defaultConfigurationName = Release;
		};
/* End XCConfigurationList section */
	};
	rootObject = 777DA92E271B657C00C1256D /* Project object */;
}
